
Microsoft Visual Studio Solution File, Format Version 12.00
# Visual Studio Version 17
VisualStudioVersion = 17.0.31710.8
MinimumVisualStudioVersion = 10.0.40219.1
Project("{FAE04EC0-301F-11D3-BF4B-00C04F79EFBC}") = "SquareFigure", "SquareFigure.csproj", "{A3BD062E-5351-4C8D-A37A-A0AB37109E02}"
EndProject
Global
	GlobalSection(SolutionConfigurationPlatforms) = preSolution
		Debug|Any CPU = Debug|Any CPU
		Release|Any CPU = Release|Any CPU
	EndGlobalSection
	GlobalSection(ProjectConfigurationPlatforms) = postSolution
		{A3BD062E-5351-4C8D-A37A-A0AB37109E02}.Debug|Any CPU.ActiveCfg = Debug|Any CPU
		{A3BD062E-5351-4C8D-A37A-A0AB37109E02}.Debug|Any CPU.Build.0 = Debug|Any CPU
		{A3BD062E-5351-4C8D-A37A-A0AB37109E02}.Release|Any CPU.ActiveCfg = Release|Any CPU
		{A3BD062E-5351-4C8D-A37A-A0AB37109E02}.Release|Any CPU.Build.0 = Release|Any CPU
	EndGlobalSection
	GlobalSection(SolutionProperties) = preSolution
		HideSolutionNode = FALSE
	EndGlobalSection
	GlobalSection(ExtensibilityGlobals) = postSolution
		SolutionGuid = {338F46CB-9CC9-4412-B193-93EAC9445764}
	EndGlobalSection
EndGlobal
